name: d2s
channels:
  - conda-forge
  - defaults
dependencies:
  - _libgcc_mutex=0.1=conda_forge
  - _openmp_mutex=4.5=2_gnu
  - _x86_64-microarch-level=3=2_skylake
  - affine=2.4.0=pyhd8ed1ab_1
  - aiofiles=24.1.0=pyhd8ed1ab_1
  - aiosmtplib=2.0.2=pyhd8ed1ab_0
  - alembic=1.15.2=pyhd8ed1ab_0
  - amqp=5.2.0=pyhd8ed1ab_2
  - annotated-types=0.7.0=pyhd8ed1ab_1
  - anyio=4.9.0=pyh29332c3_0
  - aom=3.9.1=hac33072_0
  - argon2-cffi=23.1.0=pyhd8ed1ab_1
  - argon2-cffi-bindings=21.2.0=py312h66e93f0_5
  - attr=2.5.1=h166bdaf_1
  - attrs=25.3.0=pyh71513ae_0
  - aws-c-auth=0.9.0=h094d708_2
  - aws-c-cal=0.8.9=hada3f3f_0
  - aws-c-common=0.12.2=hb9d3cd8_0
  - aws-c-compression=0.3.1=hc2d532b_4
  - aws-c-event-stream=0.5.4=h8170a11_5
  - aws-c-http=0.9.5=hca9d837_2
  - aws-c-io=0.18.0=h7b13e6b_1
  - aws-c-mqtt=0.12.3=h773eac8_2
  - aws-c-s3=0.7.15=h46af1f8_1
  - aws-c-sdkutils=0.2.3=hc2d532b_4
  - aws-checksums=0.2.5=hc2d532b_1
  - aws-crt-cpp=0.32.4=h7d42c6f_0
  - aws-sdk-cpp=1.11.510=h5b777a2_5
  - azure-core-cpp=1.14.0=h5cfcd09_0
  - azure-identity-cpp=1.10.0=h113e628_0
  - azure-storage-blobs-cpp=12.13.0=h3cf044e_1
  - azure-storage-common-cpp=12.8.0=h736e048_1
  - azure-storage-files-datalake-cpp=12.12.0=ha633028_1
  - backports.zoneinfo=0.2.1=py312h7900ff3_9
  - bcrypt=4.3.0=py312h12e396e_0
  - billiard=4.2.1=py312h66e93f0_0
  - black=25.1.0=pyh866005b_0
  - blinker=1.9.0=pyhff2d567_0
  - blosc=1.21.6=he440d0b_1
  - boto3=1.37.37=pyhd8ed1ab_0
  - botocore=1.37.38=pyge310_1234567_0
  - branca=0.8.1=pyhd8ed1ab_0
  - brotli=1.1.0=hb9d3cd8_2
  - brotli-bin=1.1.0=hb9d3cd8_2
  - brotli-python=1.1.0=py312h2ec8cdc_2
  - bzip2=1.0.8=h4bc722e_7
  - c-ares=1.34.5=hb9d3cd8_0
  - ca-certificates=2025.1.31=hbd8a1cb_1
  - cairo=1.18.4=h3394656_0
  - capnproto=1.0.2=h766bdaa_3
  - celery=5.4.0=pyhd8ed1ab_2
  - ceres-solver=2.2.0=h417fa77_5
  - certifi=2025.1.31=pyhd8ed1ab_0
  - cffi=1.17.1=py312h06ac9bb_0
  - cfitsio=4.6.2=h44b4e7a_0
  - charset-normalizer=3.4.1=pyhd8ed1ab_0
  - click=8.1.8=pyh707e725_0
  - click-didyoumean=0.3.1=pyhd8ed1ab_1
  - click-plugins=1.1.1=pyhd8ed1ab_1
  - click-repl=0.3.0=pyhd8ed1ab_0
  - cligj=0.7.2=pyhd8ed1ab_2
  - colorama=0.4.6=pyhd8ed1ab_1
  - contourpy=1.3.2=py312h68727a3_0
  - coverage=7.8.0=py312h178313f_0
  - cpd=0.5.5=h434a139_2
  - cryptography=44.0.2=py312hda17c39_0
  - curl=8.13.0=h332b0f4_0
  - cycler=0.12.1=pyhd8ed1ab_1
  - cyrus-sasl=2.1.27=h54b06d7_7
  - dav1d=1.2.1=hd590300_0
  - dnspython=2.7.0=pyhff2d567_1
  - draco=1.5.7=h00ab1b0_0
  - ecdsa=0.19.1=pyhd8ed1ab_0
  - eigen=3.4.0=h00ab1b0_0
  - email-validator=2.2.0=pyhd8ed1ab_1
  - email_validator=2.2.0=hd8ed1ab_1
  - entwine=3.1.1=h1a2a69a_5
  - et_xmlfile=2.0.0=pyhd8ed1ab_1
  - exceptiongroup=1.2.2=pyhd8ed1ab_1
  - faker=37.1.0=pyhd8ed1ab_0
  - fastapi=0.115.12=pyh29332c3_0
  - fastapi-cli=0.0.7=pyhd8ed1ab_0
  - fastapi-mail=1.4.1=pyhd8ed1ab_0
  - fgt=0.4.11=h87365c0_1
  - fiona=1.10.1=py312h02b19dd_3
  - flake8=7.2.0=pyhd8ed1ab_0
  - flower=2.0.1=py312h7900ff3_1
  - fmt=11.1.4=h07f6e7f_1
  - folium=0.19.5=pyhd8ed1ab_0
  - font-ttf-dejavu-sans-mono=2.37=hab24e00_0
  - font-ttf-inconsolata=3.000=h77eed37_0
  - font-ttf-source-code-pro=2.038=h77eed37_0
  - font-ttf-ubuntu=0.83=h77eed37_3
  - fontconfig=2.15.0=h7e30c49_1
  - fonts-conda-ecosystem=1=0
  - fonts-conda-forge=1=0
  - fonttools=4.57.0=py312h178313f_0
  - freetype=2.13.3=h48d6fc4_0
  - freexl=2.0.0=h9dce30a_2
  - gdal=3.10.3=py312h546fd74_3
  - geoalchemy2=0.17.1=pyhd8ed1ab_0
  - geojson-pydantic=1.2.0=pyh3cfb1c2_0
  - geopandas=1.0.1=pyhd8ed1ab_3
  - geopandas-base=1.0.1=pyha770c72_3
  - geos=3.13.1=h97f6797_0
  - geotiff=1.7.4=h239500f_2
  - gflags=2.2.2=h5888daf_1005
  - giflib=5.2.2=hd590300_0
  - glog=0.7.1=hbabe93e_0
  - gmp=6.3.0=hac33072_2
  - gmpy2=2.1.5=py312h7201bc8_3
  - greenlet=3.2.0=py312h2ec8cdc_0
  - h11=0.14.0=pyhd8ed1ab_1
  - h2=4.2.0=pyhd8ed1ab_0
  - hdf4=4.2.15=h2a13503_7
  - hdf5=1.14.3=nompi_h2d575fe_109
  - hpack=4.1.0=pyhd8ed1ab_0
  - httpcore=1.0.7=pyh29332c3_1
  - httptools=0.6.4=py312h66e93f0_0
  - httpx=0.28.1=pyhd8ed1ab_0
  - humanize=4.12.2=pyhd8ed1ab_0
  - hyperframe=6.1.0=pyhd8ed1ab_0
  - icu=75.1=he02047a_0
  - idna=3.10=pyhd8ed1ab_1
  - importlib-metadata=8.6.1=pyha770c72_0
  - importlib_resources=6.5.2=pyhd8ed1ab_0
  - iniconfig=2.0.0=pyhd8ed1ab_1
  - isort=6.0.1=pyhd8ed1ab_0
  - jinja2=3.1.6=pyhd8ed1ab_0
  - jmespath=1.0.1=pyhd8ed1ab_1
  - joblib=1.4.2=pyhd8ed1ab_1
  - json-c=0.18=h6688a6e_0
  - kealib=1.6.1=he902fbf_0
  - keyutils=1.6.1=h166bdaf_0
  - kiwisolver=1.4.8=py312h84d6215_0
  - kombu=5.5.3=pyha770c72_1
  - krb5=1.21.3=h659f571_0
  - laspy=2.3.0=pyha21a80b_0
  - lazrs-python=0.6.2=py312h12e396e_0
  - lcms2=2.17=h717163a_0
  - ld_impl_linux-64=2.43=h712a8e2_4
  - lerc=4.0.0=h0aef613_1
  - libabseil=20250127.1=cxx17_hbbce691_0
  - libaec=1.1.3=h59595ed_0
  - libamd=3.3.3=haaf9dc3_7100102
  - libarchive=3.7.7=h75ea233_4
  - libarrow=19.0.1=h27f8bab_8_cpu
  - libarrow-acero=19.0.1=hcb10f89_8_cpu
  - libarrow-dataset=19.0.1=hcb10f89_8_cpu
  - libavif16=1.2.1=hbb36593_2
  - libblas=3.9.0=31_h59b9bed_openblas
  - libbrotlicommon=1.1.0=hb9d3cd8_2
  - libbrotlidec=1.1.0=hb9d3cd8_2
  - libbrotlienc=1.1.0=hb9d3cd8_2
  - libbtf=2.3.2=h32481e8_7100102
  - libcamd=3.3.3=h32481e8_7100102
  - libcap=2.75=h39aace5_0
  - libcblas=3.9.0=31_he106b2a_openblas
  - libccolamd=3.3.4=h32481e8_7100102
  - libcholmod=5.3.1=h59ddab4_7100102
  - libcolamd=3.3.4=h32481e8_7100102
  - libcrc32c=1.1.2=h9c3ff4c_0
  - libcurl=8.13.0=h332b0f4_0
  - libcxsparse=4.4.1=h32481e8_7100102
  - libde265=1.0.15=h00ab1b0_0
  - libdeflate=1.23=h86f0d12_0
  - libedit=3.1.20250104=pl5321h7949ede_0
  - libev=4.33=hd590300_2
  - libevent=2.1.12=hf998b51_1
  - libexpat=2.7.0=h5888daf_0
  - libfabric=2.1.0=ha770c72_0
  - libfabric1=2.1.0=h14e6f36_0
  - libffi=3.4.6=h2dba641_1
  - libgcc=14.2.0=h767d61c_2
  - libgcc-ng=14.2.0=h69a702a_2
  - libgcrypt-lib=1.11.0=hb9d3cd8_2
  - libgdal=3.10.3=hea5fcb0_3
  - libgdal-arrow-parquet=3.10.3=hb428a59_3
  - libgdal-core=3.10.3=hab2de9c_3
  - libgdal-fits=3.10.3=hd249192_3
  - libgdal-grib=3.10.3=h928e5b2_3
  - libgdal-hdf4=3.10.3=h9f77858_3
  - libgdal-hdf5=3.10.3=h08be3e6_3
  - libgdal-jp2openjpeg=3.10.3=h021fd61_3
  - libgdal-kea=3.10.3=hc71d293_3
  - libgdal-netcdf=3.10.3=h47ba01f_3
  - libgdal-pdf=3.10.3=h7544357_3
  - libgdal-pg=3.10.3=h371d8d8_3
  - libgdal-postgisraster=3.10.3=h371d8d8_3
  - libgdal-tiledb=3.10.3=h7fe9b51_3
  - libgdal-xls=3.10.3=hbf74d7f_3
  - libgfortran=14.2.0=h69a702a_2
  - libgfortran-ng=14.2.0=h69a702a_2
  - libgfortran5=14.2.0=hf1ad2bd_2
  - libglib=2.84.1=h2ff4ddf_0
  - libgomp=14.2.0=h767d61c_2
  - libgoogle-cloud=2.36.0=hc4361e1_1
  - libgoogle-cloud-storage=2.36.0=h0121fbd_1
  - libgpg-error=1.54=hbd13f7d_0
  - libgrpc=1.71.0=h8e591d7_1
  - libheif=1.19.7=gpl_hc18d805_100
  - libhwloc=2.11.2=default_h0d58e46_1001
  - libiconv=1.18=h4ce23a2_1
  - libjpeg-turbo=3.1.0=hb9d3cd8_0
  - libklu=2.3.5=hf24d653_7100102
  - libkml=1.3.0=hf539b9f_1021
  - liblapack=3.9.0=31_h7ac8fdf_openblas
  - libldl=3.3.2=h32481e8_7100102
  - liblzma=5.8.1=hb9d3cd8_0
  - liblzma-devel=5.8.1=hb9d3cd8_0
  - libnetcdf=4.9.2=nompi_h00e09a9_116
  - libnghttp2=1.64.0=h161d5f1_0
  - libnl=3.11.0=hb9d3cd8_0
  - libnsl=2.0.1=hd590300_0
  - libntlm=1.8=hb9d3cd8_0
  - libopenblas=0.3.29=pthreads_h94d23a6_0
  - libopentelemetry-cpp=1.20.0=hd1b1c89_0
  - libopentelemetry-cpp-headers=1.20.0=ha770c72_0
  - libparquet=19.0.1=h081d1f1_8_cpu
  - libparu=1.0.0=h17147ab_7100102
  - libpdal=2.8.4=h453e6b4_3
  - libpdal-arrow=2.8.4=h4c4cd65_3
  - libpdal-core=2.8.4=h921c622_3
  - libpdal-cpd=2.8.4=hbb46d0d_3
  - libpdal-draco=2.8.4=hbb46d0d_3
  - libpdal-e57=2.8.4=h0dda180_3
  - libpdal-hdf=2.8.4=hdd4f6bb_3
  - libpdal-icebridge=2.8.4=hdd4f6bb_3
  - libpdal-nitf=2.8.4=h986040f_3
  - libpdal-pgpointcloud=2.8.4=h5c7ba8f_3
  - libpdal-tiledb=2.8.4=hfb61cca_3
  - libpdal-trajectory=2.8.4=hb16f371_3
  - libpmix=5.0.7=h658e747_0
  - libpng=1.6.47=h943b412_0
  - libpq=17.4=h27ae623_1
  - libprotobuf=5.29.3=h501fc15_1
  - librbio=4.3.4=h32481e8_7100102
  - libre2-11=2024.07.02=hba17884_3
  - librttopo=1.1.0=hd718a1a_18
  - libspatialite=5.1.0=he17ca71_14
  - libspex=3.2.3=had10066_7100102
  - libspqr=4.3.4=h852d39f_7100102
  - libsqlite=3.49.1=hee588c1_2
  - libssh2=1.11.1=hf672d98_0
  - libstdcxx=14.2.0=h8f9b012_2
  - libstdcxx-ng=14.2.0=h4852527_2
  - libsuitesparseconfig=7.10.1=h92d6892_7100102
  - libsystemd0=257.4=h4e0b6ca_1
  - libthrift=0.21.0=h0e7cc3e_0
  - libtiff=4.7.0=hd9ff511_3
  - libudev1=257.4=hbe16f8c_1
  - libumfpack=6.3.5=heb53515_7100102
  - libutf8proc=2.10.0=h4c51ac1_0
  - libuuid=2.38.1=h0b41bf4_0
  - libuv=1.50.0=hb9d3cd8_0
  - libwebp-base=1.5.0=h851e524_0
  - libxcb=1.17.0=h8a09558_0
  - libxcrypt=4.4.36=hd590300_1
  - libxml2=2.13.7=h4bc477f_1
  - libxslt=1.1.39=h76b75d6_0
  - libzip=1.11.2=h6991a6a_0
  - libzlib=1.3.1=hb9d3cd8_2
  - lz4-c=1.10.0=h5888daf_1
  - lzo=2.10=hd590300_1001
  - mako=1.3.10=pyhd8ed1ab_0
  - mapclassify=2.8.1=pyhd8ed1ab_1
  - markdown-it-py=3.0.0=pyhd8ed1ab_1
  - markupsafe=3.0.2=py312h178313f_1
  - matplotlib-base=3.10.1=py312hd3ec401_0
  - mccabe=0.7.0=pyhd8ed1ab_1
  - mdurl=0.1.2=pyhd8ed1ab_1
  - metis=5.1.0=hd0bcaf9_1007
  - minizip=4.0.9=h05a5f5f_0
  - mpc=1.3.1=h24ddda3_1
  - mpfr=4.2.1=h90cbb55_3
  - mpi=1.0=openmpi
  - munkres=1.1.4=pyh9f0ad1d_0
  - mypy=1.15.0=py312h66e93f0_0
  - mypy_extensions=1.0.0=pyha770c72_1
  - ncurses=6.5=h2d0b736_3
  - networkx=3.4.2=pyh267e887_2
  - nitro=2.7.dev8=h59595ed_0
  - nlohmann_json=3.12.0=h3f2d84a_0
  - nspr=4.36=h5888daf_0
  - nss=3.110=h159eef7_0
  - numpy=2.2.5=py312h72c5963_0
  - openjpeg=2.5.3=h5fbd93e_0
  - openldap=2.6.9=he970967_0
  - openmpi=5.0.7=hb85ec53_100
  - openpyxl=3.1.5=py312h710cb58_1
  - openssl=3.5.0=h7b32b05_0
  - orc=2.1.1=h17f744e_1
  - packaging=25.0=pyh29332c3_1
  - pandas=2.2.3=py312hf9745cd_3
  - passlib=1.7.4=pyhd8ed1ab_2
  - pathspec=0.12.1=pyhd8ed1ab_1
  - pcre2=10.44=hba22ea6_2
  - pdal=2.8.4=hd8ed1ab_0
  - pika=1.3.1=pyhd8ed1ab_0
  - pillow=11.1.0=py312h80c1187_0
  - pip=25.0.1=pyh8b19718_0
  - pixman=0.44.2=h29eaf8c_0
  - platformdirs=4.3.7=pyh29332c3_0
  - pluggy=1.5.0=pyhd8ed1ab_1
  - poppler=24.12.0=hd7b24de_2
  - poppler-data=0.4.12=hd8ed1ab_0
  - postgresql=17.4=h9e3fa73_1
  - proj=9.6.0=h0054346_1
  - prometheus-cpp=1.3.0=ha5d0236_0
  - prometheus_client=0.21.1=pyhd8ed1ab_0
  - prompt-toolkit=3.0.51=pyha770c72_0
  - prompt_toolkit=3.0.51=hd8ed1ab_0
  - psutil=7.0.0=py312h66e93f0_0
  - psycopg2=2.9.9=py312hfaedaf9_2
  - pthread-stubs=0.4=hb9d3cd8_1002
  - pyasn1=0.4.8=py_0
  - pycodestyle=2.13.0=pyhd8ed1ab_0
  - pycparser=2.22=pyh29332c3_1
  - pydantic=2.11.3=pyh3cfb1c2_0
  - pydantic-core=2.33.1=py312h3b7be25_0
  - pydantic-settings=2.9.1=pyh3cfb1c2_0
  - pyflakes=3.3.2=pyhd8ed1ab_0
  - pygments=2.19.1=pyhd8ed1ab_0
  - pyogrio=0.10.0=py312h02b19dd_1
  - pyparsing=3.2.3=pyhd8ed1ab_1
  - pyproj=3.7.1=py312h03c6e1f_1
  - pysocks=1.7.1=pyha55dd90_7
  - pystac=1.13.0=pyhd8ed1ab_0
  - pytest=8.3.5=pyhd8ed1ab_0
  - pytest-cov=6.1.1=pyhd8ed1ab_0
  - python=3.12.10=h9e4cc4f_0_cpython
  - python-dateutil=2.9.0.post0=pyhff2d567_1
  - python-dotenv=1.1.0=pyh29332c3_1
  - python-jose=3.4.0=pyhff2d567_0
  - python-multipart=0.0.20=pyhff2d567_0
  - python-pdal=3.4.5=py312h55a99f5_14
  - python-tzdata=2025.2=pyhd8ed1ab_0
  - python_abi=3.12=7_cp312
  - pytz=2025.2=pyhd8ed1ab_0
  - pyyaml=6.0.2=py312h178313f_2
  - qhull=2020.2=h434a139_5
  - rasterio=1.4.3=py312h021bea1_1
  - rasterstats=0.20.0=pyhd8ed1ab_1
  - rav1e=0.6.6=he8a937b_2
  - rdma-core=57.0=h5888daf_0
  - re2=2024.07.02=h9925aae_3
  - readline=8.2=h8c095d6_2
  - requests=2.32.3=pyhd8ed1ab_1
  - rich=14.0.0=pyh29332c3_0
  - rich-toolkit=0.11.3=pyh29332c3_0
  - rsa=4.9.1=pyhd8ed1ab_0
  - s2n=1.5.16=hba75a32_1
  - s3transfer=0.11.5=pyhd8ed1ab_0
  - scikit-learn=1.6.1=py312h7a48858_0
  - scipy=1.15.2=py312ha707e6e_0
  - segno=1.6.6=pyhd8ed1ab_0
  - setuptools=79.0.0=pyhff2d567_0
  - shapely=2.1.0=py312h21f5128_0
  - shellingham=1.5.4=pyhd8ed1ab_1
  - simplejson=3.20.1=py312h66e93f0_0
  - six=1.17.0=pyhd8ed1ab_0
  - snappy=1.2.1=h8bd8927_1
  - sniffio=1.3.1=pyhd8ed1ab_1
  - snuggs=1.4.7=pyhd8ed1ab_2
  - spdlog=1.15.2=h10b92b3_0
  - sqlalchemy=2.0.40=py312h66e93f0_0
  - sqlite=3.49.1=h9eae976_2
  - starlette=0.46.2=pyh81abbef_0
  - suitesparse=7.10.1=ha0f6916_7100102
  - svt-av1=3.0.2=h5888daf_0
  - tbb=2022.1.0=h4ce085d_0
  - threadpoolctl=3.6.0=pyhecae5ae_0
  - tiledb=2.27.2=h24e7ff1_6
  - tk=8.6.13=noxft_h4845f30_101
  - toml=0.10.2=pyhd8ed1ab_1
  - tomli=2.2.1=pyhd8ed1ab_1
  - tornado=6.4.2=py312h66e93f0_0
  - tqdm=4.67.1=pyhd8ed1ab_1
  - typer=0.15.2=pyhff008b6_0
  - typer-slim=0.15.2=pyh29332c3_0
  - typer-slim-standard=0.15.2=h801b22e_0
  - types-aiofiles=24.1.0.20250326=pyhd8ed1ab_1
  - types-psycopg2=2.9.21.20250318=pyhd8ed1ab_0
  - types-pyyaml=6.0.12.20250402=pyhd8ed1ab_0
  - typing-extensions=4.13.2=h0e9735f_0
  - typing-inspection=0.4.0=pyhd8ed1ab_0
  - typing_extensions=4.13.2=pyh29332c3_0
  - tzcode=2025b=hb9d3cd8_0
  - tzdata=2025b=h78e105d_0
  - ucc=1.3.0=had72a48_5
  - ucx=1.18.0=hfd9a62f_3
  - unicodedata2=16.0.0=py312h66e93f0_0
  - untwine=1.3.2=hc8922a7_4
  - uriparser=0.9.8=hac33072_0
  - urllib3=2.4.0=pyhd8ed1ab_0
  - uvicorn=0.34.2=pyh31011fe_0
  - uvicorn-standard=0.34.2=h31011fe_0
  - uvloop=0.21.0=py312h66e93f0_1
  - vine=5.1.0=pyhd8ed1ab_1
  - watchfiles=1.0.5=py312h12e396e_0
  - wcwidth=0.2.13=pyhd8ed1ab_1
  - websockets=15.0.1=py312h66e93f0_0
  - wheel=0.45.1=pyhd8ed1ab_1
  - x265=3.5=h924138e_3
  - xerces-c=3.2.5=h988505b_2
  - xorg-libice=1.1.2=hb9d3cd8_0
  - xorg-libsm=1.2.6=he73a12e_0
  - xorg-libx11=1.8.12=h4f16b4b_0
  - xorg-libxau=1.0.12=hb9d3cd8_0
  - xorg-libxdmcp=1.1.5=hb9d3cd8_0
  - xorg-libxext=1.3.6=hb9d3cd8_0
  - xorg-libxrender=0.9.12=hb9d3cd8_0
  - xorg-xorgproto=2024.1=hb9d3cd8_1
  - xyzservices=2025.1.0=pyhd8ed1ab_0
  - xz=5.8.1=hbcc6ac9_0
  - xz-gpl-tools=5.8.1=hbcc6ac9_0
  - xz-tools=5.8.1=hb9d3cd8_0
  - yaml=0.2.5=h7f98852_2
  - zipp=3.21.0=pyhd8ed1ab_1
  - zlib=1.3.1=hb9d3cd8_2
  - zstandard=0.23.0=py312h66e93f0_1
  - zstd=1.5.7=hb8e6e7a_2
  - pip:
      - pdal-plugins==1.6.2
prefix: /home/benh/miniforge3/envs/d2s
