# Generated by conda-lock.
# platform: linux-64
# input_hash: 5118998ef41af405b3c7b02f4df49a27b7a5cdeca99d7f654891550238542537
@EXPLICIT
https://conda.anaconda.org/conda-forge/linux-64/_libgcc_mutex-0.1-conda_forge.tar.bz2#d7c89558ba9fa0495403155b64376d81
https://conda.anaconda.org/conda-forge/noarch/font-ttf-dejavu-sans-mono-2.37-hab24e00_0.tar.bz2#0c96522c6bdaed4b1566d11387caaf45
https://conda.anaconda.org/conda-forge/noarch/font-ttf-inconsolata-3.000-h77eed37_0.tar.bz2#34893075a5c9e55cdafac56607368fc6
https://conda.anaconda.org/conda-forge/noarch/font-ttf-source-code-pro-2.038-h77eed37_0.tar.bz2#4d59c254e01d9cde7957100457e2d5fb
https://conda.anaconda.org/conda-forge/noarch/font-ttf-ubuntu-0.83-h77eed37_3.conda#49023d73832ef61042f6a237cb2687e7
https://conda.anaconda.org/conda-forge/linux-64/mpi-1.0-openmpi.tar.bz2#1dcc49e16749ff79ba2194fa5d4ca5e7
https://conda.anaconda.org/conda-forge/noarch/poppler-data-0.4.12-hd8ed1ab_0.conda#d8d7293c5b37f39b2ac32940621c6592
https://conda.anaconda.org/conda-forge/noarch/python_abi-3.12-7_cp312.conda#0dfcdc155cf23812a0c9deada86fb723
https://conda.anaconda.org/conda-forge/noarch/tzdata-2025b-h78e105d_0.conda#4222072737ccff51314b5ece9c7d6f5a
https://conda.anaconda.org/conda-forge/noarch/ca-certificates-2025.4.26-hbd8a1cb_0.conda#95db94f75ba080a22eb623590993167b
https://conda.anaconda.org/conda-forge/noarch/fonts-conda-forge-1-0.tar.bz2#f766549260d6815b0c52253f1fb1bb29
https://conda.anaconda.org/conda-forge/linux-64/ld_impl_linux-64-2.43-h712a8e2_4.conda#01f8d123c96816249efd255a31ad7712
https://conda.anaconda.org/conda-forge/linux-64/libgomp-14.2.0-h767d61c_2.conda#06d02030237f4d5b3d9a7e7d348fe3c6
https://conda.anaconda.org/conda-forge/linux-64/_openmp_mutex-4.5-2_gnu.tar.bz2#73aaf86a425cc6e73fcf236a5a46396d
https://conda.anaconda.org/conda-forge/noarch/fonts-conda-ecosystem-1-0.tar.bz2#fee5683a3f04bd15cbd8318b096a27ab
https://conda.anaconda.org/conda-forge/linux-64/libgcc-14.2.0-h767d61c_2.conda#ef504d1acbd74b7cc6849ef8af47dd03
https://conda.anaconda.org/conda-forge/linux-64/aws-c-common-0.12.2-hb9d3cd8_0.conda#bd52f376d1d34d7823a7bf0773be86e8
https://conda.anaconda.org/conda-forge/linux-64/c-ares-1.34.5-hb9d3cd8_0.conda#f7f0d6cc2dc986d42ac2689ec88192be
https://conda.anaconda.org/conda-forge/linux-64/json-c-0.18-h6688a6e_0.conda#38f5dbc9ac808e31c00650f7be1db93f
https://conda.anaconda.org/conda-forge/linux-64/libbrotlicommon-1.1.0-hb9d3cd8_2.conda#41b599ed2b02abcfdd84302bff174b23
https://conda.anaconda.org/conda-forge/linux-64/libdeflate-1.23-h86f0d12_0.conda#27fe770decaf469a53f3e3a6d593067f
https://conda.anaconda.org/conda-forge/linux-64/libexpat-2.7.0-h5888daf_0.conda#db0bfbe7dd197b68ad5f30333bae6ce0
https://conda.anaconda.org/conda-forge/linux-64/libffi-3.4.6-h2dba641_1.conda#ede4673863426c0883c0063d853bbd85
https://conda.anaconda.org/conda-forge/linux-64/libgcc-ng-14.2.0-h69a702a_2.conda#a2222a6ada71fb478682efe483ce0f92
https://conda.anaconda.org/conda-forge/linux-64/libgfortran5-14.2.0-hf1ad2bd_2.conda#556a4fdfac7287d349b8f09aba899693
https://conda.anaconda.org/conda-forge/linux-64/libiconv-1.18-h4ce23a2_1.conda#e796ff8ddc598affdf7c173d6145f087
https://conda.anaconda.org/conda-forge/linux-64/libjpeg-turbo-3.1.0-hb9d3cd8_0.conda#9fa334557db9f63da6c9285fd2a48638
https://conda.anaconda.org/conda-forge/linux-64/liblzma-5.8.1-hb9d3cd8_0.conda#0e87378639676987af32fee53ba32258
https://conda.anaconda.org/conda-forge/linux-64/libnl-3.11.0-hb9d3cd8_0.conda#db63358239cbe1ff86242406d440e44a
https://conda.anaconda.org/conda-forge/linux-64/libntlm-1.8-hb9d3cd8_0.conda#7c7927b404672409d9917d49bff5f2d6
https://conda.anaconda.org/conda-forge/linux-64/libstdcxx-14.2.0-h8f9b012_2.conda#a78c856b6dc6bf4ea8daeb9beaaa3fb0
https://conda.anaconda.org/conda-forge/linux-64/libutf8proc-2.10.0-h4c51ac1_0.conda#aeccfff2806ae38430638ffbb4be9610
https://conda.anaconda.org/conda-forge/linux-64/libuv-1.50.0-hb9d3cd8_0.conda#771ee65e13bc599b0b62af5359d80169
https://conda.anaconda.org/conda-forge/linux-64/libwebp-base-1.5.0-h851e524_0.conda#63f790534398730f59e1b899c3644d4a
https://conda.anaconda.org/conda-forge/linux-64/libzlib-1.3.1-hb9d3cd8_2.conda#edb0dca6bc32e4f4789199455a1dbeb8
https://conda.anaconda.org/conda-forge/linux-64/ncurses-6.5-h2d0b736_3.conda#47e340acb35de30501a76c7c799c41d7
https://conda.anaconda.org/conda-forge/linux-64/openssl-3.5.0-h7b32b05_1.conda#de356753cfdbffcde5bb1e86e3aa6cd0
https://conda.anaconda.org/conda-forge/linux-64/pthread-stubs-0.4-hb9d3cd8_1002.conda#b3c17d95b5a10c6e64a21fa17573e70e
https://conda.anaconda.org/conda-forge/linux-64/tzcode-2025b-hb9d3cd8_0.conda#83aa65f939a5cf4a82bfa510cbc38b3f
https://conda.anaconda.org/conda-forge/linux-64/xorg-libice-1.1.2-hb9d3cd8_0.conda#fb901ff28063514abb6046c9ec2c4a45
https://conda.anaconda.org/conda-forge/linux-64/xorg-libxau-1.0.12-hb9d3cd8_0.conda#f6ebe2cb3f82ba6c057dde5d9debe4f7
https://conda.anaconda.org/conda-forge/linux-64/xorg-libxdmcp-1.1.5-hb9d3cd8_0.conda#8035c64cb77ed555e3f150b7b3972480
https://conda.anaconda.org/conda-forge/linux-64/xorg-xorgproto-2024.1-hb9d3cd8_1.conda#7c21106b851ec72c037b162c216d8f05
https://conda.anaconda.org/conda-forge/linux-64/attr-2.5.1-h166bdaf_1.tar.bz2#d9c69a24ad678ffce24c6543a0176b00
https://conda.anaconda.org/conda-forge/linux-64/aws-c-cal-0.9.0-hada3f3f_0.conda#05a965f6def53dbcb5217945eb0b3689
https://conda.anaconda.org/conda-forge/linux-64/aws-c-compression-0.3.1-hc2d532b_4.conda#4cc4dcd582b2f087d62c70b2d6daa59f
https://conda.anaconda.org/conda-forge/linux-64/aws-c-sdkutils-0.2.3-hc2d532b_4.conda#15a1f6fb713b4cd3fee74588b996a846
https://conda.anaconda.org/conda-forge/linux-64/aws-checksums-0.2.7-hc2d532b_0.conda#398521f53e58db246658e7cff56d669f
https://conda.anaconda.org/conda-forge/linux-64/bzip2-1.0.8-h4bc722e_7.conda#62ee74e96c5ebb0af99386de58cf9553
https://conda.anaconda.org/conda-forge/linux-64/capnproto-1.0.2-h766bdaa_3.conda#7ea5f8afe8041beee8bad281dee62414
https://conda.anaconda.org/conda-forge/linux-64/dav1d-1.2.1-hd590300_0.conda#418c6ca5929a611cbd69204907a83995
https://conda.anaconda.org/conda-forge/linux-64/fmt-11.1.4-h07f6e7f_1.conda#288a90e722fd7377448b00b2cddcb90d
https://conda.anaconda.org/conda-forge/linux-64/geos-3.13.1-h97f6797_0.conda#5bc18c66111bc94532b0d2df00731c66
https://conda.anaconda.org/conda-forge/linux-64/gflags-2.2.2-h5888daf_1005.conda#d411fc29e338efb48c5fd4576d71d881
https://conda.anaconda.org/conda-forge/linux-64/giflib-5.2.2-hd590300_0.conda#3bf7b9fd5a7136126e0234db4b87c8b6
https://conda.anaconda.org/conda-forge/linux-64/keyutils-1.6.1-h166bdaf_0.tar.bz2#30186d27e2c9fa62b45fb1476b7200e3
https://conda.anaconda.org/conda-forge/linux-64/lerc-4.0.0-h0aef613_1.conda#9344155d33912347b37f0ae6c410a835
https://conda.anaconda.org/conda-forge/linux-64/libabseil-20250127.1-cxx17_hbbce691_0.conda#00290e549c5c8a32cc271020acc9ec6b
https://conda.anaconda.org/conda-forge/linux-64/libbrotlidec-1.1.0-hb9d3cd8_2.conda#9566f0bd264fbd463002e759b8a82401
https://conda.anaconda.org/conda-forge/linux-64/libbrotlienc-1.1.0-hb9d3cd8_2.conda#06f70867945ea6a84d35836af780f1de
https://conda.anaconda.org/conda-forge/linux-64/libedit-3.1.20250104-pl5321h7949ede_0.conda#c277e0a4d549b03ac1e9d6cbbe3d017b
https://conda.anaconda.org/conda-forge/linux-64/libev-4.33-hd590300_2.conda#172bf1cd1ff8629f2b1179945ed45055
https://conda.anaconda.org/conda-forge/linux-64/libevent-2.1.12-hf998b51_1.conda#a1cfcc585f0c42bf8d5546bb1dfb668d
https://conda.anaconda.org/conda-forge/linux-64/libgfortran-14.2.0-h69a702a_2.conda#fb54c4ea68b460c278d26eea89cfbcc3
https://conda.anaconda.org/conda-forge/linux-64/libgpg-error-1.55-h3f2d84a_0.conda#2bd47db5807daade8500ed7ca4c512a4
https://conda.anaconda.org/conda-forge/linux-64/liblzma-devel-5.8.1-hb9d3cd8_0.conda#8f456db836b4d3d00d3b6a6cc47009d8
https://conda.anaconda.org/conda-forge/linux-64/libnsl-2.0.1-hd590300_0.conda#30fd6e37fe21f86f4bd26d6ee73eeec7
https://conda.anaconda.org/conda-forge/linux-64/libpng-1.6.47-h943b412_0.conda#55199e2ae2c3651f6f9b2a447b47bdc9
https://conda.anaconda.org/conda-forge/linux-64/libsqlite-3.49.1-hee588c1_2.conda#962d6ac93c30b1dfc54c9cccafd1003e
https://conda.anaconda.org/conda-forge/linux-64/libssh2-1.11.1-hcf80075_0.conda#eecce068c7e4eddeb169591baac20ac4
https://conda.anaconda.org/conda-forge/linux-64/libstdcxx-ng-14.2.0-h4852527_2.conda#c75da67f045c2627f59e6fcb5f4e3a9b
https://conda.anaconda.org/conda-forge/linux-64/libuuid-2.38.1-h0b41bf4_0.conda#40b61aab5c7ba9ff276c41cfffe6b80b
https://conda.anaconda.org/conda-forge/linux-64/libxcb-1.17.0-h8a09558_0.conda#92ed62436b625154323d40d5f2f11dd7
https://conda.anaconda.org/conda-forge/linux-64/libxcrypt-4.4.36-hd590300_1.conda#5aa797f8787fe7a17d1b0821485b5adc
https://conda.anaconda.org/conda-forge/linux-64/lz4-c-1.10.0-h5888daf_1.conda#9de5350a85c4a20c685259b889aa6393
https://conda.anaconda.org/conda-forge/linux-64/lzo-2.10-hd590300_1001.conda#ec7398d21e2651e0dcb0044d03b9a339
https://conda.anaconda.org/conda-forge/linux-64/metis-5.1.0-hd0bcaf9_1007.conda#28eb714416de4eb83e2cbc47e99a1b45
https://conda.anaconda.org/conda-forge/linux-64/nspr-4.36-h5888daf_0.conda#de9cd5bca9e4918527b9b72b6e2e1409
https://conda.anaconda.org/conda-forge/linux-64/pixman-0.46.0-h29eaf8c_0.conda#d2f1c87d4416d1e7344cf92b1aaee1c4
https://conda.anaconda.org/conda-forge/linux-64/rav1e-0.6.6-he8a937b_2.conda#77d9955b4abddb811cb8ab1aa7d743e4
https://conda.anaconda.org/conda-forge/linux-64/readline-8.2-h8c095d6_2.conda#283b96675859b20a825f8fa30f311446
https://conda.anaconda.org/conda-forge/linux-64/s2n-1.5.17-hba75a32_0.conda#dbb899164b5451c34969e67a35ca17a9
https://conda.anaconda.org/conda-forge/linux-64/snappy-1.2.1-h8bd8927_1.conda#3b3e64af585eadfb52bb90b553db5edf
https://conda.anaconda.org/conda-forge/linux-64/svt-av1-3.0.2-h5888daf_0.conda#0096882bd623e6cc09e8bf920fc8fb47
https://conda.anaconda.org/conda-forge/linux-64/tk-8.6.13-noxft_h4845f30_101.conda#d453b98d9c83e71da0741bb0ff4d76bc
https://conda.anaconda.org/conda-forge/linux-64/xz-gpl-tools-5.8.1-hbcc6ac9_0.conda#9177ea2e6886b8070012e1d68531ab2f
https://conda.anaconda.org/conda-forge/linux-64/xz-tools-5.8.1-hb9d3cd8_0.conda#908d29a6cfd9e9a78d07012f5d1a8707
https://conda.anaconda.org/conda-forge/linux-64/yaml-0.2.5-h7f98852_2.tar.bz2#4cb3ad778ec2d5a7acbdf254eb1c42ae
https://conda.anaconda.org/conda-forge/linux-64/zlib-1.3.1-hb9d3cd8_2.conda#c9f075ab2f33b3bbee9e62d4ad0a6cd8
https://conda.anaconda.org/conda-forge/linux-64/zstd-1.5.7-hb8e6e7a_2.conda#6432cb5d4ac0046c3ac0a8a0f95842f9
https://conda.anaconda.org/conda-forge/linux-64/aom-3.9.1-hac33072_0.conda#346722a0be40f6edc53f12640d301338
https://conda.anaconda.org/conda-forge/linux-64/aws-c-io-0.18.1-h1a9f769_2.conda#19221489bff45371c13b983848f79a24
https://conda.anaconda.org/conda-forge/linux-64/blosc-1.21.6-he440d0b_1.conda#2c2fae981fd2afd00812c92ac47d023d
https://conda.anaconda.org/conda-forge/linux-64/brotli-bin-1.1.0-hb9d3cd8_2.conda#c63b5e52939e795ba8d26e35d767a843
https://conda.anaconda.org/conda-forge/linux-64/draco-1.5.7-h00ab1b0_0.conda#9cb0f7901c5279c48f1e3506c8d6cb94
https://conda.anaconda.org/conda-forge/linux-64/eigen-3.4.0-h00ab1b0_0.conda#b1b879d6d093f55dd40d58b5eb2f0699
https://conda.anaconda.org/conda-forge/linux-64/glog-0.7.1-hbabe93e_0.conda#ff862eebdfeb2fd048ae9dc92510baca
https://conda.anaconda.org/conda-forge/linux-64/gmp-6.3.0-hac33072_2.conda#c94a5994ef49749880a8139cf9afcbe1
https://conda.anaconda.org/conda-forge/linux-64/hdf4-4.2.15-h2a13503_7.conda#bd77f8da987968ec3927990495dc22e4
https://conda.anaconda.org/conda-forge/linux-64/icu-75.1-he02047a_0.conda#8b189310083baabfb622af68fd9d3ae3
https://conda.anaconda.org/conda-forge/linux-64/krb5-1.21.3-h659f571_0.conda#3f43953b7d3fb3aaa1d0d0723d91e368
https://conda.anaconda.org/conda-forge/linux-64/libaec-1.1.3-h59595ed_0.conda#5e97e271911b8b2001a8b71860c32faa
https://conda.anaconda.org/conda-forge/linux-64/libcap-2.75-h39aace5_0.conda#c44c16d6976d2aebbd65894d7741e67e
https://conda.anaconda.org/conda-forge/linux-64/libcrc32c-1.1.2-h9c3ff4c_0.tar.bz2#c965a5aa0d5c1c37ffc62dff36e28400
https://conda.anaconda.org/conda-forge/linux-64/libde265-1.0.15-h00ab1b0_0.conda#407fee7a5d7ab2dca12c9ca7f62310ad
https://conda.anaconda.org/conda-forge/linux-64/libfreetype6-2.13.3-h48d6fc4_1.conda#3c255be50a506c50765a93a6644f32fe
https://conda.anaconda.org/conda-forge/linux-64/libgcrypt-lib-1.11.0-hb9d3cd8_2.conda#e55712ff40a054134d51b89afca57dbc
https://conda.anaconda.org/conda-forge/linux-64/libgfortran-ng-14.2.0-h69a702a_2.conda#4056c857af1a99ee50589a941059ec55
https://conda.anaconda.org/conda-forge/linux-64/libnghttp2-1.64.0-h161d5f1_0.conda#19e57602824042dfd0446292ef90488b
https://conda.anaconda.org/conda-forge/linux-64/libopenblas-0.3.29-pthreads_h94d23a6_0.conda#0a4d0252248ef9a0f88f2ba8b8a08e12
https://conda.anaconda.org/conda-forge/linux-64/libprotobuf-5.29.3-h501fc15_1.conda#edb86556cf4a0c133e7932a1597ff236
https://conda.anaconda.org/conda-forge/linux-64/libre2-11-2024.07.02-hba17884_3.conda#545e93a513c10603327c76c15485e946
https://conda.anaconda.org/conda-forge/linux-64/librttopo-1.1.0-hd718a1a_18.conda#4f40dea96ff9935e7bd48893c24891b9
https://conda.anaconda.org/conda-forge/linux-64/libsuitesparseconfig-7.10.1-h901830b_7100101.conda#57ae1dd979da7aa88a9b38bfa2e1d6b2
https://conda.anaconda.org/conda-forge/linux-64/libthrift-0.21.0-h0e7cc3e_0.conda#dcb95c0a98ba9ff737f7ae482aef7833
https://conda.anaconda.org/conda-forge/linux-64/libtiff-4.7.0-hd9ff511_4.conda#6c1028898cf3a2032d9af46689e1b81a
https://conda.anaconda.org/conda-forge/linux-64/libzip-1.11.2-h6991a6a_0.conda#a7b27c075c9b7f459f1c022090697cba
https://conda.anaconda.org/conda-forge/linux-64/minizip-4.0.9-h05a5f5f_0.conda#d031ed0497634655765d636329bb4c20
https://conda.anaconda.org/conda-forge/linux-64/nitro-2.7.dev8-h59595ed_0.conda#5fad8a0083974b2f9e6ff64b8ca426a0
https://conda.anaconda.org/conda-forge/linux-64/nss-3.110-h159eef7_0.conda#945659af183e87429c8aa7e0be3cc91d
https://conda.anaconda.org/conda-forge/linux-64/pcre2-10.45-hc749103_0.conda#b90bece58b4c2bf25969b70f3be42d25
https://conda.anaconda.org/conda-forge/linux-64/python-3.12.10-h9e4cc4f_0_cpython.conda#a41d26cd4d47092d683915d058380dec
https://conda.anaconda.org/conda-forge/linux-64/qhull-2020.2-h434a139_5.conda#353823361b1d27eb3960efb076dfcaf6
https://conda.anaconda.org/conda-forge/linux-64/spdlog-1.15.2-h10b92b3_0.conda#e44f468c1b8db8fe3f38a12ee286e13c
https://conda.anaconda.org/conda-forge/linux-64/sqlite-3.49.1-h9eae976_2.conda#1894a9d3a8c3ffa53f8ca09fcd2fac25
https://conda.anaconda.org/conda-forge/linux-64/uriparser-0.9.8-hac33072_0.conda#d71d3a66528853c0a1ac2c02d79a0284
https://conda.anaconda.org/conda-forge/linux-64/x265-3.5-h924138e_3.tar.bz2#e7f6ed84d4623d52ee581325c1587a6b
https://conda.anaconda.org/conda-forge/linux-64/xorg-libsm-1.2.6-he73a12e_0.conda#1c74ff8c35dcadf952a16f752ca5aa49
https://conda.anaconda.org/conda-forge/linux-64/xorg-libx11-1.8.12-h4f16b4b_0.conda#db038ce880f100acc74dba10302b5630
https://conda.anaconda.org/conda-forge/linux-64/xz-5.8.1-hbcc6ac9_0.conda#c9880133bf4750a4c848f8d2c78d498c
https://conda.anaconda.org/conda-forge/noarch/affine-2.4.0-pyhd8ed1ab_1.conda#8c4061f499edec6b8ac7000f6d586829
https://conda.anaconda.org/conda-forge/noarch/aiofiles-24.1.0-pyhd8ed1ab_1.conda#7e8045a75e921648c082ba7cd7edd114
https://conda.anaconda.org/conda-forge/noarch/aiosmtplib-3.0.2-pyhd8ed1ab_1.conda#9f151cfc996c9c9f6ee4288da34964df
https://conda.anaconda.org/conda-forge/noarch/attrs-25.3.0-pyh71513ae_0.conda#a10d11958cadc13fdb43df75f8b1903f
https://conda.anaconda.org/conda-forge/linux-64/aws-c-event-stream-0.5.4-hc5e5e9e_7.conda#eb339cb6cd7c881b3f0e7910e99c261b
https://conda.anaconda.org/conda-forge/linux-64/aws-c-http-0.10.0-h6884c39_0.conda#76a0f88aeb377e0eee84d48ac65ca747
https://conda.anaconda.org/conda-forge/linux-64/backports.zoneinfo-0.2.1-py312h7900ff3_9.conda#6df4f61b215587c40ec93810734778ca
https://conda.anaconda.org/conda-forge/linux-64/bcrypt-4.3.0-py312h12e396e_0.conda#afa132767ae5b333aac573af1304d0e4
https://conda.anaconda.org/conda-forge/linux-64/billiard-4.2.1-py312h66e93f0_0.conda#5a5ac0e671a3c74c80f67a6bc5d00ae3
https://conda.anaconda.org/conda-forge/noarch/blinker-1.9.0-pyhff2d567_0.conda#42834439227a4551b939beeeb8a4b085
https://conda.anaconda.org/conda-forge/linux-64/brotli-1.1.0-hb9d3cd8_2.conda#98514fe74548d768907ce7a13f680e8f
https://conda.anaconda.org/conda-forge/linux-64/brotli-python-1.1.0-py312h2ec8cdc_2.conda#b0b867af6fc74b2a0aa206da29c0f3cf
https://conda.anaconda.org/conda-forge/noarch/certifi-2025.1.31-pyhd8ed1ab_0.conda#c207fa5ac7ea99b149344385a9c0880d
https://conda.anaconda.org/conda-forge/noarch/charset-normalizer-3.4.2-pyhd8ed1ab_0.conda#40fe4284b8b5835a9073a645139f35af
https://conda.anaconda.org/conda-forge/noarch/click-8.1.8-pyh707e725_0.conda#f22f4d4970e09d68a10b922cbb0408d3
https://conda.anaconda.org/conda-forge/noarch/colorama-0.4.6-pyhd8ed1ab_1.conda#962b9857ee8e7018c22f2776ffa0b2d7
https://conda.anaconda.org/conda-forge/linux-64/cpd-0.5.5-h434a139_2.conda#2e99fbaf88b79533f22710d278b336be
https://conda.anaconda.org/conda-forge/noarch/cycler-0.12.1-pyhd8ed1ab_1.conda#44600c4667a319d67dbe0681fc0bc833
https://conda.anaconda.org/conda-forge/linux-64/cyrus-sasl-2.1.27-h54b06d7_7.conda#dce22f70b4e5a407ce88f2be046f4ceb
https://conda.anaconda.org/conda-forge/noarch/et_xmlfile-2.0.0-pyhd8ed1ab_1.conda#71bf9646cbfabf3022c8da4b6b4da737
https://conda.anaconda.org/conda-forge/noarch/exceptiongroup-1.2.2-pyhd8ed1ab_1.conda#a16662747cdeb9abbac74d0057cc976e
https://conda.anaconda.org/conda-forge/linux-64/freexl-2.0.0-h9dce30a_2.conda#ecb5d11305b8ba1801543002e69d2f2f
https://conda.anaconda.org/conda-forge/linux-64/greenlet-3.2.1-py312h2ec8cdc_0.conda#5e2a0332bef6ef7cf19150d96491e42a
https://conda.anaconda.org/conda-forge/noarch/hpack-4.1.0-pyhd8ed1ab_0.conda#0a802cb9888dd14eeefc611f05c40b6e
https://conda.anaconda.org/conda-forge/linux-64/httptools-0.6.4-py312h66e93f0_0.conda#8b1160b32557290b64d5be68db3d996d
https://conda.anaconda.org/conda-forge/noarch/humanize-4.12.3-pyhd8ed1ab_0.conda#cb1cf47e9eb851362fa5686f72686e85
https://conda.anaconda.org/conda-forge/noarch/hyperframe-6.1.0-pyhd8ed1ab_0.conda#8e6923fc12f1fe8f8c4e5c9f343256ac
https://conda.anaconda.org/conda-forge/noarch/idna-3.10-pyhd8ed1ab_1.conda#39a4f67be3286c86d696df570b1201b7
https://conda.anaconda.org/conda-forge/noarch/iniconfig-2.0.0-pyhd8ed1ab_1.conda#6837f3eff7dcea42ecd714ce1ac2b108
https://conda.anaconda.org/conda-forge/noarch/isort-6.0.1-pyhd8ed1ab_1.conda#c25d1a27b791dab1797832aafd6a3e9a
https://conda.anaconda.org/conda-forge/noarch/jmespath-1.0.1-pyhd8ed1ab_1.conda#972bdca8f30147135f951847b30399ea
https://conda.anaconda.org/conda-forge/linux-64/kiwisolver-1.4.8-py312h84d6215_0.conda#6713467dc95509683bfa3aca08524e8a
https://conda.anaconda.org/conda-forge/linux-64/lazrs-python-0.6.3-py312h12e396e_0.conda#8cdc525ec11fb764ddf5be22d70c9a8d
https://conda.anaconda.org/conda-forge/linux-64/lcms2-2.17-h717163a_0.conda#000e85703f0fd9594c81710dd5066471
https://conda.anaconda.org/conda-forge/linux-64/libamd-3.3.3-h456b2da_7100101.conda#a067596d679bcde85375143e7c374738
https://conda.anaconda.org/conda-forge/linux-64/libavif16-1.2.1-hbb36593_2.conda#971387a27e61235b97cacb440a37e991
https://conda.anaconda.org/conda-forge/linux-64/libblas-3.9.0-31_h59b9bed_openblas.conda#728dbebd0f7a20337218beacffd37916
https://conda.anaconda.org/conda-forge/linux-64/libbtf-2.3.2-hf02c80a_7100101.conda#6f4aec52002defbdf3e24eb79e56a209
https://conda.anaconda.org/conda-forge/linux-64/libcamd-3.3.3-hf02c80a_7100101.conda#1c9d1532caadece8adc2d14c6d4fc726
https://conda.anaconda.org/conda-forge/linux-64/libccolamd-3.3.4-hf02c80a_7100101.conda#e5107e02dc4c2f9f41eef72d72c23517
https://conda.anaconda.org/conda-forge/linux-64/libcolamd-3.3.4-hf02c80a_7100101.conda#56d4c5542887e8955f21f8546ad75d9d
https://conda.anaconda.org/conda-forge/linux-64/libcurl-8.13.0-h332b0f4_0.conda#cbdc92ac0d93fe3c796e36ad65c7905c
https://conda.anaconda.org/conda-forge/linux-64/libcxsparse-4.4.1-hf02c80a_7100101.conda#917931d508582ef891bbac172294d9fb
https://conda.anaconda.org/conda-forge/linux-64/libfreetype-2.13.3-ha770c72_1.conda#51f5be229d83ecd401fb369ab96ae669
https://conda.anaconda.org/conda-forge/linux-64/libglib-2.84.1-h3618099_1.conda#714c97d4ff495ab69d1fdfcadbcae985
https://conda.anaconda.org/conda-forge/linux-64/libkml-1.3.0-hf539b9f_1021.conda#e8c7620cc49de0c6a2349b6dd6e39beb
https://conda.anaconda.org/conda-forge/linux-64/libldl-3.3.2-hf02c80a_7100101.conda#19b71122fea7f6b1c4815f385b2da419
https://conda.anaconda.org/conda-forge/linux-64/librbio-4.3.4-hf02c80a_7100101.conda#4b3a3d711d1c1f76f7f440e51458f512
https://conda.anaconda.org/conda-forge/linux-64/libsystemd0-257.4-h4e0b6ca_1.conda#04bcf3055e51f8dde6fab9672fb9fca0
https://conda.anaconda.org/conda-forge/linux-64/libudev1-257.4-hbe16f8c_1.conda#d6716795cd81476ac2f5465f1b1cde75
https://conda.anaconda.org/conda-forge/linux-64/libxml2-2.13.7-h4bc477f_1.conda#ad1f1f8238834cd3c88ceeaee8da444a
https://conda.anaconda.org/conda-forge/linux-64/markupsafe-3.0.2-py312h178313f_1.conda#eb227c3e0bf58f5bd69c0532b157975b
https://conda.anaconda.org/conda-forge/noarch/mccabe-0.7.0-pyhd8ed1ab_1.conda#827064ddfe0de2917fb29f1da4f8f533
https://conda.anaconda.org/conda-forge/noarch/mdurl-0.1.2-pyhd8ed1ab_1.conda#592132998493b3ff25fd7479396e8351
https://conda.anaconda.org/conda-forge/linux-64/mpfr-4.2.1-h90cbb55_3.conda#2eeb50cab6652538eee8fc0bc3340c81
https://conda.anaconda.org/conda-forge/noarch/munkres-1.1.4-pyh9f0ad1d_0.tar.bz2#2ba8498c1018c1e9c61eb99b973dfe19
https://conda.anaconda.org/conda-forge/noarch/mypy_extensions-1.1.0-pyha770c72_0.conda#e9c622e0d00fa24a6292279af3ab6d06
https://conda.anaconda.org/conda-forge/noarch/networkx-3.4.2-pyh267e887_2.conda#fd40bf7f7f4bc4b647dc8512053d9873
https://conda.anaconda.org/conda-forge/linux-64/openjpeg-2.5.3-h5fbd93e_0.conda#9e5816bc95d285c115a3ebc2f8563564
https://conda.anaconda.org/conda-forge/linux-64/orc-2.1.1-h17f744e_1.conda#cfe9bc267c22b6d53438eff187649d43
https://conda.anaconda.org/conda-forge/noarch/packaging-25.0-pyh29332c3_1.conda#58335b26c38bf4a20f399384c33cbcf9
https://conda.anaconda.org/conda-forge/noarch/pathspec-0.12.1-pyhd8ed1ab_1.conda#617f15191456cc6a13db418a275435e5
https://conda.anaconda.org/conda-forge/noarch/pika-1.3.1-pyhd8ed1ab_0.tar.bz2#4c1ddb5ba3dafabd73f61f625550976b
https://conda.anaconda.org/conda-forge/noarch/platformdirs-4.3.7-pyh29332c3_0.conda#e57da6fe54bb3a5556cf36d199ff07d8
https://conda.anaconda.org/conda-forge/noarch/pluggy-1.5.0-pyhd8ed1ab_1.conda#e9dcbce5f45f9ee500e728ae58b605b6
https://conda.anaconda.org/conda-forge/noarch/prometheus_client-0.21.1-pyhd8ed1ab_0.conda#3e01e386307acc60b2f89af0b2e161aa
https://conda.anaconda.org/conda-forge/linux-64/psutil-7.0.0-py312h66e93f0_0.conda#8e30db4239508a538e4a3b3cdf5b9616
https://conda.anaconda.org/conda-forge/noarch/pyasn1-0.6.1-pyhd8ed1ab_2.conda#09bb17ed307ad6ab2fd78d32372fdd4e
https://conda.anaconda.org/conda-forge/noarch/pycodestyle-2.13.0-pyhd8ed1ab_0.conda#1337989ba999ea04f7b30232c491cbea
https://conda.anaconda.org/conda-forge/noarch/pycparser-2.22-pyh29332c3_1.conda#12c566707c80111f9799308d9e265aef
https://conda.anaconda.org/conda-forge/noarch/pyflakes-3.3.2-pyhd8ed1ab_0.conda#1a01eeba6fc99c83f464ae57603ae753
https://conda.anaconda.org/conda-forge/noarch/pygments-2.19.1-pyhd8ed1ab_0.conda#232fb4577b6687b2d503ef8e254270c9
https://conda.anaconda.org/conda-forge/noarch/pyparsing-3.2.3-pyhd8ed1ab_1.conda#513d3c262ee49b54a8fec85c5bc99764
https://conda.anaconda.org/conda-forge/noarch/pysocks-1.7.1-pyha55dd90_7.conda#461219d1a5bd61342293efa2c0c90eac
https://conda.anaconda.org/conda-forge/noarch/python-dotenv-1.1.0-pyh29332c3_1.conda#27d816c6981a8d50090537b761de80f4
https://conda.anaconda.org/conda-forge/noarch/python-multipart-0.0.20-pyhff2d567_0.conda#a28c984e0429aff3ab7386f7de56de6f
https://conda.anaconda.org/conda-forge/noarch/python-tzdata-2025.2-pyhd8ed1ab_0.conda#88476ae6ebd24f39261e0854ac244f33
https://conda.anaconda.org/conda-forge/noarch/pytz-2025.2-pyhd8ed1ab_0.conda#bc8e3267d44011051f2eb14d22fb0960
https://conda.anaconda.org/conda-forge/linux-64/pyyaml-6.0.2-py312h178313f_2.conda#cf2485f39740de96e2a7f2bb18ed2fee
https://conda.anaconda.org/conda-forge/linux-64/re2-2024.07.02-h9925aae_3.conda#6f445fb139c356f903746b2b91bbe786
https://conda.anaconda.org/conda-forge/noarch/rfc3986-1.5.0-pyhd8ed1ab_0.tar.bz2#ee18e8644b953e8900282b2ef2a8c5a1
https://conda.anaconda.org/conda-forge/noarch/setuptools-80.1.0-pyhff2d567_0.conda#f6f72d0837c79eaec77661be43e8a691
https://conda.anaconda.org/conda-forge/noarch/shellingham-1.5.4-pyhd8ed1ab_1.conda#7c3c2a0f3ebdea2bbc35538d162b43bf
https://conda.anaconda.org/conda-forge/linux-64/simplejson-3.20.1-py312h66e93f0_0.conda#d1c95aa4908e88bd4216f04b6bb7e297
https://conda.anaconda.org/conda-forge/noarch/six-1.17.0-pyhd8ed1ab_0.conda#a451d576819089b0d672f18768be0f65
https://conda.anaconda.org/conda-forge/noarch/sniffio-1.3.1-pyhd8ed1ab_1.conda#bf7a226e58dfb8346c70df36065d86c9
https://conda.anaconda.org/conda-forge/noarch/threadpoolctl-3.6.0-pyhecae5ae_0.conda#9d64911b31d57ca443e9f1e36b04385f
https://conda.anaconda.org/conda-forge/noarch/toml-0.10.2-pyhd8ed1ab_1.conda#b0dd904de08b7db706167240bf37b164
https://conda.anaconda.org/conda-forge/noarch/tomli-2.2.1-pyhd8ed1ab_1.conda#ac944244f1fed2eb49bae07193ae8215
https://conda.anaconda.org/conda-forge/linux-64/tornado-6.4.2-py312h66e93f0_0.conda#e417822cb989e80a0d2b1b576fdd1657
https://conda.anaconda.org/conda-forge/noarch/types-aiofiles-24.1.0.20250326-pyhd8ed1ab_1.conda#34c077d4425686cf6032fedd9fde99da
https://conda.anaconda.org/conda-forge/noarch/types-psycopg2-2.9.21.20250318-pyhd8ed1ab_0.conda#ab2d02a6750d6d9ad2a37b7be38a5a98
https://conda.anaconda.org/conda-forge/noarch/types-pyyaml-6.0.12.20250402-pyhd8ed1ab_0.conda#2f000817679df4880e84513aa19d362a
https://conda.anaconda.org/conda-forge/noarch/typing_extensions-4.13.2-pyh29332c3_0.conda#83fc6ae00127671e301c9f44254c31b8
https://conda.anaconda.org/conda-forge/linux-64/unicodedata2-16.0.0-py312h66e93f0_0.conda#617f5d608ff8c28ad546e5d9671cbb95
https://conda.anaconda.org/conda-forge/linux-64/uvloop-0.21.0-py312h66e93f0_1.conda#998e481e17c1b6a74572e73b06f2df08
https://conda.anaconda.org/conda-forge/noarch/vine-5.1.0-pyhd8ed1ab_1.conda#e827a22b019357c90c58d6b7c7c4eb7c
https://conda.anaconda.org/conda-forge/noarch/wcwidth-0.2.13-pyhd8ed1ab_1.conda#b68980f2495d096e71c7fd9d7ccf63e6
https://conda.anaconda.org/conda-forge/linux-64/websockets-15.0.1-py312h66e93f0_0.conda#b986da7551224417af6b7da4021d8050
https://conda.anaconda.org/conda-forge/noarch/wheel-0.45.1-pyhd8ed1ab_1.conda#75cb7132eb58d97896e173ef12ac9986
https://conda.anaconda.org/conda-forge/linux-64/xerces-c-3.2.5-h988505b_2.conda#9dda9667feba914e0e80b95b82f7402b
https://conda.anaconda.org/conda-forge/linux-64/xorg-libxext-1.3.6-hb9d3cd8_0.conda#febbab7d15033c913d53c7a2c102309d
https://conda.anaconda.org/conda-forge/linux-64/xorg-libxrender-0.9.12-hb9d3cd8_0.conda#96d57aba173e878a2089d5638016dc5e
https://conda.anaconda.org/conda-forge/noarch/xyzservices-2025.4.0-pyhd8ed1ab_0.conda#5663fa346821cd06dc1ece2c2600be2c
https://conda.anaconda.org/conda-forge/noarch/zipp-3.21.0-pyhd8ed1ab_1.conda#0c3cc595284c5e8f0f9900a9b228a332
https://conda.anaconda.org/conda-forge/noarch/amqp-5.2.0-pyhd8ed1ab_2.conda#68904dfa549e9decccfa8d47eae9a932
https://conda.anaconda.org/conda-forge/noarch/anyio-4.9.0-pyh29332c3_0.conda#9749a2c77a7c40d432ea0927662d7e52
https://conda.anaconda.org/conda-forge/linux-64/aws-c-auth-0.9.0-h9a6e2ae_4.conda#a948110dbbde6491c62815643a96d589
https://conda.anaconda.org/conda-forge/linux-64/aws-c-mqtt-0.12.3-hef6a231_4.conda#fd1d89d79c8287e6bcb2a529292f537a
https://conda.anaconda.org/conda-forge/linux-64/azure-core-cpp-1.14.0-h5cfcd09_0.conda#0a8838771cc2e985cd295e01ae83baf1
https://conda.anaconda.org/conda-forge/noarch/black-25.1.0-pyh866005b_0.conda#b9b0c42e7316aa6043bdfd49883955b8
https://conda.anaconda.org/conda-forge/linux-64/cffi-1.17.1-py312h06ac9bb_0.conda#a861504bbea4161a9170b85d4d2be840
https://conda.anaconda.org/conda-forge/linux-64/cfitsio-4.6.2-h44b4e7a_0.conda#9c4f46b2ce47fdf25737cae28287de0f
https://conda.anaconda.org/conda-forge/noarch/click-didyoumean-0.3.1-pyhd8ed1ab_1.conda#dd87c399586cac9f8bdd8c644b2592a6
https://conda.anaconda.org/conda-forge/noarch/click-plugins-1.1.1-pyhd8ed1ab_1.conda#82bea35e4dac4678ba623cf10e95e375
https://conda.anaconda.org/conda-forge/noarch/cligj-0.7.2-pyhd8ed1ab_2.conda#55c7804f428719241a90b152016085a1
https://conda.anaconda.org/conda-forge/linux-64/coverage-7.8.0-py312h178313f_0.conda#d0fca021e354cc96455021852a1fad6d
https://conda.anaconda.org/conda-forge/linux-64/curl-8.13.0-h332b0f4_0.conda#d50b765d509a4fe2e723b069266e17eb
https://conda.anaconda.org/conda-forge/noarch/faker-37.1.0-pyhd8ed1ab_0.conda#f43da5cd57c7030c27ebae70c7b8f686
https://conda.anaconda.org/conda-forge/noarch/flake8-7.2.0-pyhd8ed1ab_0.conda#a5097429ce9d1e049efc336a5db0955e
https://conda.anaconda.org/conda-forge/linux-64/fonttools-4.57.0-py312h178313f_0.conda#97907388593b27ac01237a1023d58d3d
https://conda.anaconda.org/conda-forge/linux-64/freetype-2.13.3-ha770c72_1.conda#9ccd736d31e0c6e41f54e704e5312811
https://conda.anaconda.org/conda-forge/noarch/h11-0.14.0-pyhd8ed1ab_1.conda#7ee49e89531c0dcbba9466f6d115d585
https://conda.anaconda.org/conda-forge/noarch/h2-4.2.0-pyhd8ed1ab_0.conda#b4754fb1bdcb70c8fd54f918301582c6
https://conda.anaconda.org/conda-forge/linux-64/hdf5-1.14.6-nompi_h2d575fe_101.conda#d1f61f912e1968a8ac9834b62fde008d
https://conda.anaconda.org/conda-forge/noarch/importlib-metadata-8.6.1-pyha770c72_0.conda#f4b39bf00c69f56ac01e020ebfac066c
https://conda.anaconda.org/conda-forge/noarch/importlib_resources-6.5.2-pyhd8ed1ab_0.conda#c85c76dc67d75619a92f51dfbce06992
https://conda.anaconda.org/conda-forge/noarch/jinja2-3.1.6-pyhd8ed1ab_0.conda#446bd6c8cb26050d528881df495ce646
https://conda.anaconda.org/conda-forge/noarch/joblib-1.5.0-pyhd8ed1ab_0.conda#3d7257f0a61c9aa4ffa3e324a887416b
https://conda.anaconda.org/conda-forge/linux-64/libarchive-3.7.7-h75ea233_4.conda#b80309616f188ac77c4740acba40f796
https://conda.anaconda.org/conda-forge/linux-64/libcblas-3.9.0-31_he106b2a_openblas.conda#abb32c727da370c481a1c206f5159ce9
https://conda.anaconda.org/conda-forge/linux-64/libgrpc-1.71.0-h8e591d7_1.conda#c3cfd72cbb14113abee7bbd86f44ad69
https://conda.anaconda.org/conda-forge/linux-64/libheif-1.19.7-gpl_hc18d805_100.conda#1db2693fa6a50bef58da2df97c5204cb
https://conda.anaconda.org/conda-forge/linux-64/libhwloc-2.11.2-default_h0d58e46_1001.conda#804ca9e91bcaea0824a341d55b1684f2
https://conda.anaconda.org/conda-forge/linux-64/liblapack-3.9.0-31_h7ac8fdf_openblas.conda#452b98eafe050ecff932f0ec832dd03f
https://conda.anaconda.org/conda-forge/linux-64/libspex-3.2.3-h9226d62_7100101.conda#63323b258079a75133ccecbb0902614d
https://conda.anaconda.org/conda-forge/linux-64/libxslt-1.1.39-h76b75d6_0.conda#e71f31f8cfb0a91439f2086fc8aa0461
https://conda.anaconda.org/conda-forge/noarch/markdown-it-py-3.0.0-pyhd8ed1ab_1.conda#fee3164ac23dfca50cfcc8b85ddefb81
https://conda.anaconda.org/conda-forge/linux-64/mpc-1.3.1-h24ddda3_1.conda#aa14b9a5196a6d8dd364164b7ce56acf
https://conda.anaconda.org/conda-forge/linux-64/mypy-1.15.0-py312h66e93f0_0.conda#a84061bc7e166712deb33bf7b32f756d
https://conda.anaconda.org/conda-forge/linux-64/openldap-2.6.9-he970967_0.conda#ca2de8bbdc871bce41dbf59e51324165
https://conda.anaconda.org/conda-forge/linux-64/openpyxl-3.1.5-py312h710cb58_1.conda#69a8838436435f59d72ddcb8dfd24a28
https://conda.anaconda.org/conda-forge/noarch/pip-25.1.1-pyh8b19718_0.conda#32d0781ace05105cc99af55d36cbec7c
https://conda.anaconda.org/conda-forge/linux-64/proj-9.6.0-h0054346_1.conda#a3547a9c204da804d8ef9c40c7ac0b84
https://conda.anaconda.org/conda-forge/noarch/prompt-toolkit-3.0.51-pyha770c72_0.conda#d17ae9db4dc594267181bd199bf9a551
https://conda.anaconda.org/conda-forge/noarch/pytest-8.3.5-pyhd8ed1ab_0.conda#c3c9316209dec74a705a36797970c6be
https://conda.anaconda.org/conda-forge/noarch/python-dateutil-2.9.0.post0-pyhff2d567_1.conda#5ba79d7c71f03c678c8ead841f347d6e
https://conda.anaconda.org/conda-forge/linux-64/rdma-core-57.0-h5888daf_0.conda#e5be997517f19a365b8b111b888be426
https://conda.anaconda.org/conda-forge/noarch/rsa-4.9.1-pyhd8ed1ab_0.conda#58958bb50f986ac0c46f73b6e290d5fe
https://conda.anaconda.org/conda-forge/noarch/tqdm-4.67.1-pyhd8ed1ab_1.conda#9efbfdc37242619130ea42b1cc4ed861
https://conda.anaconda.org/conda-forge/noarch/typer-slim-0.15.3-pyh29332c3_0.conda#20c0f2ae932004d7118c172eeb035cea
https://conda.anaconda.org/conda-forge/noarch/typing-extensions-4.13.2-h0e9735f_0.conda#568ed1300869dca0ba09fb750cda5dbb
https://conda.anaconda.org/conda-forge/noarch/typing-inspection-0.4.0-pyhd8ed1ab_0.conda#c5c76894b6b7bacc888ba25753bc8677
https://conda.anaconda.org/conda-forge/noarch/annotated-types-0.7.0-pyhd8ed1ab_1.conda#2934f256a8acfe48f6ebb4fce6cde29c
https://conda.anaconda.org/conda-forge/linux-64/argon2-cffi-bindings-21.2.0-py312h66e93f0_5.conda#1505fc57c305c0a3174ea7aae0a0db25
https://conda.anaconda.org/conda-forge/linux-64/aws-c-s3-0.7.16-h7dfd680_1.conda#d8870015dbf8a8bb44832f4c330bf044
https://conda.anaconda.org/conda-forge/linux-64/azure-identity-cpp-1.10.0-h113e628_0.conda#73f73f60854f325a55f1d31459f2ab73
https://conda.anaconda.org/conda-forge/linux-64/azure-storage-common-cpp-12.8.0-h736e048_1.conda#13de36be8de3ae3f05ba127631599213
https://conda.anaconda.org/conda-forge/noarch/branca-0.8.1-pyhd8ed1ab_0.conda#9f3937b768675ab4346f07e9ef723e4b
https://conda.anaconda.org/conda-forge/linux-64/cryptography-44.0.3-py312hda17c39_0.conda#ce37b0d86bc626d5b5fa4ccc49089b34
https://conda.anaconda.org/conda-forge/linux-64/fontconfig-2.15.0-h7e30c49_1.conda#8f5b0b297b59e1ac160ad4beec99dbee
https://conda.anaconda.org/conda-forge/linux-64/geotiff-1.7.4-h239500f_2.conda#b0c42bce162a38b1aa2f6dfb5c412bc4
https://conda.anaconda.org/conda-forge/linux-64/gmpy2-2.2.1-py312h7201bc8_0.conda#c539cba0be444c6cefcb853987187d9e
https://conda.anaconda.org/conda-forge/noarch/httpcore-0.16.3-pyhd8ed1ab_0.conda#8279f7a8c4b485c47c4ef1b07dfb6442
https://conda.anaconda.org/conda-forge/linux-64/kealib-1.6.2-h74a6b89_0.conda#fa0c6d118bbd2fe95ffcc419dc075f65
https://conda.anaconda.org/conda-forge/linux-64/libcholmod-5.3.1-h9cf07ce_7100101.conda#f51e24ce110ae24c92074736a308e47e
https://conda.anaconda.org/conda-forge/linux-64/libfabric1-2.1.0-hf45584d_1.conda#8530ead81bc02442ce5fe2c07deb85ea
https://conda.anaconda.org/conda-forge/linux-64/libgoogle-cloud-2.36.0-hc4361e1_1.conda#ae36e6296a8dd8e8a9a8375965bf6398
https://conda.anaconda.org/conda-forge/linux-64/libnetcdf-4.9.2-nompi_h0134ee8_117.conda#a979c07e8fc0e3f61c24a65d16cc6fbe
https://conda.anaconda.org/conda-forge/linux-64/libpmix-5.0.7-h658e747_0.conda#3558a4144b9c3aa9a1a9d9dade845c03
https://conda.anaconda.org/conda-forge/linux-64/libpq-17.4-h27ae623_1.conda#37fba334855ef3b51549308e61ed7a3d
https://conda.anaconda.org/conda-forge/linux-64/libspatialite-5.1.0-he17ca71_14.conda#d010b5907ed39fdb93eb6180ab925115
https://conda.anaconda.org/conda-forge/noarch/mako-1.3.10-pyhd8ed1ab_0.conda#c5bb3eea5f1a00fcf3d7ea186209ce33
https://conda.anaconda.org/conda-forge/linux-64/numpy-1.26.4-py312heda63a1_0.conda#d8285bea2a350f63fab23bf460221f3f
https://conda.anaconda.org/conda-forge/linux-64/pillow-11.1.0-py312h80c1187_0.conda#d3894405f05b2c0f351d5de3ae26fa9c
https://conda.anaconda.org/conda-forge/noarch/prompt_toolkit-3.0.51-hd8ed1ab_0.conda#1e61ab85dd7c60e5e73d853ea035dc29
https://conda.anaconda.org/conda-forge/linux-64/pydantic-core-2.33.1-py312h3b7be25_0.conda#4767e28fcbf646ffc18ef4021534c415
https://conda.anaconda.org/conda-forge/linux-64/pyproj-3.7.1-py312h03c6e1f_1.conda#f754591f9ec0169e436fa84cb9db0c32
https://conda.anaconda.org/conda-forge/noarch/pystac-1.13.0-pyhd8ed1ab_0.conda#4ae2500df499834453e4de127bfca208
https://conda.anaconda.org/conda-forge/noarch/pytest-cov-6.1.1-pyhd8ed1ab_0.conda#1e35d8f975bc0e984a19819aa91c440a
https://conda.anaconda.org/conda-forge/noarch/rich-14.0.0-pyh29332c3_0.conda#202f08242192ce3ed8bdb439ba40c0fe
https://conda.anaconda.org/conda-forge/noarch/segno-1.6.6-pyhd8ed1ab_0.conda#11f45e5dc9036dba7665a3ceb1e77508
https://conda.anaconda.org/conda-forge/linux-64/sqlalchemy-2.0.40-py312h66e93f0_0.conda#933eec95cc2ba4419cb3fb434d8c8056
https://conda.anaconda.org/conda-forge/noarch/starlette-0.46.2-pyh81abbef_0.conda#36ec80c2b37e52760ab41be7c2bd1fd3
https://conda.anaconda.org/conda-forge/linux-64/tbb-2022.1.0-h4ce085d_0.conda#f0afd0c7509f6c1b8d77ee64d7ba64b8
https://conda.anaconda.org/conda-forge/linux-64/ucx-1.18.0-h1369271_4.conda#a1d47b3dfbe194596c37780d3bb75e88
https://conda.anaconda.org/conda-forge/noarch/uvicorn-0.34.2-pyh31011fe_0.conda#7e9f164470d693a5d2537c6b2ce1d9ea
https://conda.anaconda.org/conda-forge/linux-64/watchfiles-1.0.5-py312h12e396e_0.conda#731f9ed51e7198ec91c4b9d7899e881c
https://conda.anaconda.org/conda-forge/linux-64/zstandard-0.23.0-py312h66e93f0_2.conda#630db208bc7bbb96725ce9832c7423bb
https://conda.anaconda.org/conda-forge/noarch/alembic-1.15.2-pyhd8ed1ab_0.conda#b412ae3c8625f1c05e9f7f3ce7f77554
https://conda.anaconda.org/conda-forge/noarch/argon2-cffi-23.1.0-pyhd8ed1ab_1.conda#a7ee488b71c30ada51c48468337b85ba
https://conda.anaconda.org/conda-forge/linux-64/aws-crt-cpp-0.32.4-h0cee55f_2.conda#bc519b9909ef60e85ef2d59cd9542a0f
https://conda.anaconda.org/conda-forge/linux-64/azure-storage-blobs-cpp-12.13.0-h3cf044e_1.conda#7eb66060455c7a47d9dcdbfa9f46579b
https://conda.anaconda.org/conda-forge/linux-64/cairo-1.18.4-h3394656_0.conda#09262e66b19567aff4f592fb53b28760
https://conda.anaconda.org/conda-forge/noarch/click-repl-0.3.0-pyhd8ed1ab_0.conda#27eb8f68250666c1a19d1b6ec9d12c4e
https://conda.anaconda.org/conda-forge/linux-64/contourpy-1.3.2-py312h68727a3_0.conda#e688276449452cdfe9f8f5d3e74c23f6
https://conda.anaconda.org/conda-forge/noarch/dnspython-2.4.2-pyhd8ed1ab_0.conda#de3aca457e8e70495a775d33510b50eb
https://conda.anaconda.org/conda-forge/noarch/ecdsa-0.19.1-pyhd8ed1ab_0.conda#9c7f29a7c85a727c5b1d5ebc1639b38f
https://conda.anaconda.org/conda-forge/noarch/geoalchemy2-0.17.1-pyhd8ed1ab_0.conda#bddd76591cbd1408a024a35490a2fdf4
https://conda.anaconda.org/conda-forge/noarch/httpx-0.23.3-pyhd8ed1ab_0.conda#876c8fa1860f889bb47bccc528015ca7
https://conda.anaconda.org/conda-forge/linux-64/laspy-2.5.4-py312h8da182e_1.conda#5e20b9c29a8e3690a0ac137d272890d7
https://conda.anaconda.org/conda-forge/linux-64/libfabric-2.1.0-ha770c72_1.conda#a3419b2895a32e0748a254be58efb7a8
https://conda.anaconda.org/conda-forge/linux-64/libgdal-core-3.10.3-hc58de80_6.conda#4fe60d3bac39eaf349b277817dddb453
https://conda.anaconda.org/conda-forge/linux-64/libgoogle-cloud-storage-2.36.0-h0121fbd_1.conda#a0f7588c1f0a26d550e7bae4fb49427a
https://conda.anaconda.org/conda-forge/linux-64/libklu-2.3.5-h95ff59c_7100101.conda#efaa5e7dc6989363585fbb591480b256
https://conda.anaconda.org/conda-forge/linux-64/libspqr-4.3.4-h23b7119_7100101.conda#c1ee33a71065c1f0efd9c8174d5f18b0
https://conda.anaconda.org/conda-forge/linux-64/libumfpack-6.3.5-h873dde6_7100101.conda#9626fc7667bc6c901c7a0a4004938c71
https://conda.anaconda.org/conda-forge/linux-64/pandas-2.2.3-py312hf9745cd_3.conda#2979458c23c7755683a0598fb33e7666
https://conda.anaconda.org/conda-forge/linux-64/postgresql-17.4-h9e3fa73_1.conda#6e55f7be9a88d8106e2b61f201c37737
https://conda.anaconda.org/conda-forge/linux-64/psycopg2-2.9.9-py312hfaedaf9_2.conda#4a195f7a305e5b6ece2e2e93c4795d77
https://conda.anaconda.org/conda-forge/noarch/pydantic-2.11.3-pyh3cfb1c2_0.conda#3c6f7f8ae9b9c177ad91ccc187912756
https://conda.anaconda.org/conda-forge/noarch/rich-toolkit-0.11.3-pyh29332c3_0.conda#4ba15ae9388b67d09782798347481f69
https://conda.anaconda.org/conda-forge/linux-64/scipy-1.15.2-py312ha707e6e_0.conda#00b999c5f9d01fb633db819d79186bd4
https://conda.anaconda.org/conda-forge/linux-64/shapely-2.1.0-py312h21f5128_0.conda#761c745a289b3d6abf56eb1193343172
https://conda.anaconda.org/conda-forge/noarch/snuggs-1.4.7-pyhd8ed1ab_2.conda#9aa358575bbd4be126eaa5e0039f835c
https://conda.anaconda.org/conda-forge/noarch/typer-slim-standard-0.15.3-h1a15894_0.conda#120216d3a2e51dfbb87bbba173ebf210
https://conda.anaconda.org/conda-forge/linux-64/ucc-1.3.0-had72a48_5.conda#8199d82b95e27ec4d15b2516d7f24e71
https://conda.anaconda.org/conda-forge/noarch/urllib3-2.4.0-pyhd8ed1ab_0.conda#c1e349028e0052c4eea844e94f773065
https://conda.anaconda.org/conda-forge/noarch/uvicorn-standard-0.34.2-h31011fe_0.conda#62676324fa57eb76b542a6a2e85d35e2
https://conda.anaconda.org/conda-forge/linux-64/aws-sdk-cpp-1.11.510-h5b777a2_6.conda#2fd0b0d4cc7fc86024b2965feedd628a
https://conda.anaconda.org/conda-forge/linux-64/azure-storage-files-datalake-cpp-12.12.0-ha633028_1.conda#7c1980f89dd41b097549782121a73490
https://conda.anaconda.org/conda-forge/noarch/botocore-1.38.8-pyge310_1234567_0.conda#eb395182e5f2b102670e4dbfb89ed1d7
https://conda.anaconda.org/conda-forge/noarch/email-validator-2.2.0-pyhd8ed1ab_1.conda#da16dd3b0b71339060cd44cb7110ddf9
https://conda.anaconda.org/conda-forge/linux-64/fiona-1.10.1-py312h02b19dd_3.conda#e8cf2f37c1cb279c64a5d1a65721fbc6
https://conda.anaconda.org/conda-forge/linux-64/gdal-3.10.3-py312h546fd74_6.conda#2384087dfc3b79764d5c81f9eaac1fc2
https://conda.anaconda.org/conda-forge/noarch/geojson-pydantic-1.2.0-pyh3cfb1c2_0.conda#745227d22c52d2fc836ade716b3e0c69
https://conda.anaconda.org/conda-forge/noarch/geopandas-base-1.0.1-pyha770c72_3.conda#e8343d1b635bf09dafdd362d7357f395
https://conda.anaconda.org/conda-forge/linux-64/libgdal-fits-3.10.3-hd249192_6.conda#6c8e6e9550a2cc2f91b2878ff952a638
https://conda.anaconda.org/conda-forge/linux-64/libgdal-grib-3.10.3-h928e5b2_6.conda#403a1b7a6a4578297d9e765144bfe554
https://conda.anaconda.org/conda-forge/linux-64/libgdal-hdf4-3.10.3-h9f77858_6.conda#b95fd96d61ff1d51e5ec00e8e547c3c1
https://conda.anaconda.org/conda-forge/linux-64/libgdal-hdf5-3.10.3-heb3e146_6.conda#9bd4f8056b0186fd8bf6b7ff5103c60d
https://conda.anaconda.org/conda-forge/linux-64/libgdal-jp2openjpeg-3.10.3-h021fd61_6.conda#ce57388209e608081e156c98d88b5247
https://conda.anaconda.org/conda-forge/linux-64/libgdal-pg-3.10.3-h371d8d8_6.conda#4ac3fbf0cd8df5e4b2210984bd0c2042
https://conda.anaconda.org/conda-forge/linux-64/libgdal-postgisraster-3.10.3-h371d8d8_6.conda#440b3044f647ed72fba1cc5799f55b53
https://conda.anaconda.org/conda-forge/linux-64/libgdal-xls-3.10.3-hbf74d7f_6.conda#2be79978c224e86d3e3e345138e3b302
https://conda.anaconda.org/conda-forge/linux-64/libparu-1.0.0-hc6afc67_7100101.conda#fd1d3e26c1b12c70f7449369ae3d9c1a
https://conda.anaconda.org/conda-forge/linux-64/libpdal-core-2.8.4-h921c622_5.conda#82d6fcd203efd0f5e58e8ec867f23769
https://conda.anaconda.org/conda-forge/linux-64/matplotlib-base-3.10.1-py312hd3ec401_0.conda#514d8a6894286f6d9894b352782c7e18
https://conda.anaconda.org/conda-forge/linux-64/openmpi-5.0.7-hb85ec53_100.conda#c7290bd5b2a6b88833f8da31112238cf
https://conda.anaconda.org/conda-forge/noarch/passlib-1.7.4-pyhd8ed1ab_2.conda#fba64c154edb7d7935af0d46d97ff536
https://conda.anaconda.org/conda-forge/linux-64/poppler-24.12.0-hd7b24de_2.conda#118f04b26127d5da77a7e1ee99087c73
https://conda.anaconda.org/conda-forge/noarch/pydantic-settings-2.9.1-pyh3cfb1c2_0.conda#29dd5c4ece2497b75b4050ec3c8d4044
https://conda.anaconda.org/conda-forge/linux-64/pyogrio-0.10.0-py312h02b19dd_1.conda#6ebb12bd1833a52e08e63297b8621903
https://conda.anaconda.org/conda-forge/noarch/python-jose-3.3.0-pyhff2d567_2.conda#45fd78d27f93da0514b7ff45bc037c86
https://conda.anaconda.org/conda-forge/linux-64/rasterio-1.4.3-py312h021bea1_1.conda#9d8c34febd2fe058fd011f078a765f09
https://conda.anaconda.org/conda-forge/noarch/requests-2.32.3-pyhd8ed1ab_1.conda#a9b9368f3701a417eac9edbcae7cb737
https://conda.anaconda.org/conda-forge/linux-64/scikit-learn-1.6.1-py312h7a48858_0.conda#102727f71df02a51e9e173f2e6f87d57
https://conda.anaconda.org/conda-forge/noarch/typer-0.15.3-pyhf21524f_0.conda#b4bed8eb8dd4fe076f436e5506d31673
https://conda.anaconda.org/conda-forge/noarch/email_validator-2.2.0-hd8ed1ab_1.conda#0794f8807ff2c6f020422cacb1bd7bfa
https://conda.anaconda.org/conda-forge/linux-64/entwine-3.1.1-h1a2a69a_5.conda#a8dba1c68609cb86263e372724950b0c
https://conda.anaconda.org/conda-forge/noarch/fastapi-cli-0.0.7-pyhd8ed1ab_0.conda#d960e0ea9e1c561aa928f6c4439f04c7
https://conda.anaconda.org/conda-forge/noarch/fastapi-mail-1.4.2-pyh29332c3_0.conda#569a832a7d5a72c6aaa3819ae84affd6
https://conda.anaconda.org/conda-forge/linux-64/fgt-0.4.11-h87365c0_1.conda#24a719d37a8902acce3d332aefa11445
https://conda.anaconda.org/conda-forge/noarch/folium-0.19.5-pyhd8ed1ab_0.conda#4cb9e567a829a9083cc66eda88f2d330
https://conda.anaconda.org/conda-forge/linux-64/libarrow-18.1.0-hc0853d7_22_cuda.conda#8cc8ca274b4bb661ab3481933dac7fcc
https://conda.anaconda.org/conda-forge/linux-64/libgdal-kea-3.10.3-hb47621c_6.conda#0bf5e34d7e569e6ae3d78c320c6dd681
https://conda.anaconda.org/conda-forge/linux-64/libgdal-netcdf-3.10.3-hda9de04_6.conda#143c53e6cc1fd3718cd600939069280b
https://conda.anaconda.org/conda-forge/linux-64/libgdal-pdf-3.10.3-h7544357_6.conda#1a87a3875447f719ebb3d52d9dabfd60
https://conda.anaconda.org/conda-forge/linux-64/libpdal-draco-2.8.4-hbb46d0d_5.conda#cc169c13b653361f52eaf78d9c73d9c1
https://conda.anaconda.org/conda-forge/linux-64/libpdal-e57-2.8.4-h0dda180_5.conda#51dbcaa44e4c824147359ba2aaefc6da
https://conda.anaconda.org/conda-forge/linux-64/libpdal-icebridge-2.8.4-haa54232_5.conda#02f67b0b2a45bdd9b755406fb7a8331f
https://conda.anaconda.org/conda-forge/linux-64/libpdal-nitf-2.8.4-h986040f_5.conda#33afbe41aa8c77495e331116419c9c82
https://conda.anaconda.org/conda-forge/linux-64/libpdal-pgpointcloud-2.8.4-h5c7ba8f_5.conda#f56bd55f0d571be46ed8effeb588ca08
https://conda.anaconda.org/conda-forge/noarch/mapclassify-2.8.1-pyhd8ed1ab_1.conda#c48bbb2bcc3f9f46741a7915d67e6839
https://conda.anaconda.org/conda-forge/linux-64/python-pdal-3.4.5-py312h55a99f5_14.conda#e1b4dd95a01019d6b9e3e413a553955e
https://conda.anaconda.org/conda-forge/noarch/rasterstats-0.20.0-pyhd8ed1ab_1.conda#d0bf36963569fa8b1843cb4c3e5cd74b
https://conda.anaconda.org/conda-forge/noarch/s3transfer-0.12.0-pyhd8ed1ab_0.conda#829c1fc60557253e117bc8a390d197b1
https://conda.anaconda.org/conda-forge/linux-64/suitesparse-7.10.1-h5b2951e_7100101.conda#e927e0f248a498050443dab8bb1203a9
https://conda.anaconda.org/conda-forge/linux-64/tiledb-2.27.2-h24e7ff1_6.conda#dd3bb04e0ab2e8b90e7001a117211fc2
https://conda.anaconda.org/conda-forge/noarch/boto3-1.38.8-pyhd8ed1ab_0.conda#f24468c31236b7418bad8525a4ffd376
https://conda.anaconda.org/conda-forge/linux-64/ceres-solver-2.2.0-h417fa77_5.conda#def84047946a1d2fad7726f7b476ee6a
https://conda.anaconda.org/conda-forge/noarch/fastapi-0.115.12-pyh29332c3_0.conda#4bc12ece07c8c717e19fd790bfec100d
https://conda.anaconda.org/conda-forge/noarch/geopandas-1.0.1-pyhd8ed1ab_3.conda#1baca589eb35814a392eaad6d152447e
https://conda.anaconda.org/conda-forge/linux-64/libarrow-acero-18.1.0-hb826db4_22_cuda.conda#0f0557b4abc2e92acbeb59e9baecca5c
https://conda.anaconda.org/conda-forge/linux-64/libgdal-tiledb-3.10.3-h7fe9b51_6.conda#0ae39b3d5943a1c8a405f19db357b9b5
https://conda.anaconda.org/conda-forge/linux-64/libparquet-18.1.0-h3f30f2e_22_cuda.conda#c7cd0a6471e4defa78120a05e21144e9
https://conda.anaconda.org/conda-forge/linux-64/libpdal-cpd-2.8.4-hbb46d0d_5.conda#1cde42303f63e37aea7b01c3b7cfe105
https://conda.anaconda.org/conda-forge/linux-64/libpdal-hdf-2.8.4-haa54232_5.conda#e0e8c6c05ced1e2bdb11fd330f68c87d
https://conda.anaconda.org/conda-forge/noarch/kombu-5.5.3-pyha770c72_1.conda#5e35c25b23a65e401f31f0c087e0a43a
https://conda.anaconda.org/conda-forge/linux-64/libarrow-dataset-18.1.0-hb826db4_22_cuda.conda#008e7e12577636f8b997dceed50f0813
https://conda.anaconda.org/conda-forge/linux-64/libgdal-3.10.3-hea5fcb0_6.conda#ad45f50fe6644b4bf07311c8ea8795d6
https://conda.anaconda.org/conda-forge/linux-64/libpdal-tiledb-2.8.4-hfb61cca_5.conda#b8c7d06181579bd79c98614a0f9b3eb5
https://conda.anaconda.org/conda-forge/linux-64/libpdal-trajectory-2.8.4-hb16f371_5.conda#a848411a9043f3f58fe8786c4e261b1f
https://conda.anaconda.org/conda-forge/noarch/celery-5.4.0-pyhd8ed1ab_2.conda#75f52fbca71b701602ed237942e5cb4d
https://conda.anaconda.org/conda-forge/linux-64/libgdal-arrow-parquet-3.10.3-h0dd338e_6.conda#6bb9556e20a130f215cec940aa8b6b60
https://conda.anaconda.org/conda-forge/linux-64/flower-2.0.1-py312h7900ff3_1.conda#f3dd60b4fd9444fbcfa91e56d3239604
https://conda.anaconda.org/conda-forge/linux-64/libpdal-arrow-2.8.4-ha238ccb_5.conda#b54c73a94670e184addd25049ee42ed1
https://conda.anaconda.org/conda-forge/linux-64/libpdal-2.8.4-h453e6b4_5.conda#9d64b88fa13886ec58e8db71381f2cc2
https://conda.anaconda.org/conda-forge/noarch/pdal-2.8.4-hd8ed1ab_0.conda#d9d9be14fbbf50b7654753f7fb362ae9
